// !$*UTF8*$!
{
	archiveVersion = 1;
	classes = {
	};
	objectVersion = 56;
	objects = {

/* Begin PBXBuildFile section */
		04748B1F2AF6830C00220BAE /* AppDelegate.swift in Sources */ = {isa = PBXBuildFile; fileRef = 04748B1E2AF6830C00220BAE /* AppDelegate.swift */; };
		04748B212AF6830C00220BAE /* SceneDelegate.swift in Sources */ = {isa = PBXBuildFile; fileRef = 04748B202AF6830C00220BAE /* SceneDelegate.swift */; };
		04748B232AF6830C00220BAE /* ViewController.swift in Sources */ = {isa = PBXBuildFile; fileRef = 04748B222AF6830C00220BAE /* ViewController.swift */; };
		04748B262AF6830C00220BAE /* Main.storyboard in Resources */ = {isa = PBXBuildFile; fileRef = 04748B242AF6830C00220BAE /* Main.storyboard */; };
		04748B282AF6830C00220BAE /* Assets.xcassets in Resources */ = {isa = PBXBuildFile; fileRef = 04748B272AF6830C00220BAE /* Assets.xcassets */; };
		04748B2B2AF6830C00220BAE /* LaunchScreen.storyboard in Resources */ = {isa = PBXBuildFile; fileRef = 04748B292AF6830C00220BAE /* LaunchScreen.storyboard */; };
		04748B332AF68B9C00220BAE /* SignUpViewController.swift in Sources */ = {isa = PBXBuildFile; fileRef = 04748B322AF68B9C00220BAE /* SignUpViewController.swift */; };
		04748B352AF68CD200220BAE /* ForgotPasswordViewController.swift in Sources */ = {isa = PBXBuildFile; fileRef = 04748B342AF68CD200220BAE /* ForgotPasswordViewController.swift */; };
		04A71BB02AFB2B7F00A431E5 /* WorkoutViewer.swift in Sources */ = {isa = PBXBuildFile; fileRef = 04A71BAF2AFB2B7F00A431E5 /* WorkoutViewer.swift */; };
		04A71BB42AFB2CEF00A431E5 /* WorkoutViewerViewController.swift in Sources */ = {isa = PBXBuildFile; fileRef = 04A71BB32AFB2CEF00A431E5 /* WorkoutViewerViewController.swift */; };
/* End PBXBuildFile section */

/* Begin PBXFileReference section */
		04748B1B2AF6830C00220BAE /* WorkoutUniversity.app */ = {isa = PBXFileReference; explicitFileType = wrapper.application; includeInIndex = 0; path = WorkoutUniversity.app; sourceTree = BUILT_PRODUCTS_DIR; };
		04748B1E2AF6830C00220BAE /* AppDelegate.swift */ = {isa = PBXFileReference; lastKnownFileType = sourcecode.swift; path = AppDelegate.swift; sourceTree = "<group>"; };
		04748B202AF6830C00220BAE /* SceneDelegate.swift */ = {isa = PBXFileReference; lastKnownFileType = sourcecode.swift; path = SceneDelegate.swift; sourceTree = "<group>"; };
		04748B222AF6830C00220BAE /* ViewController.swift */ = {isa = PBXFileReference; lastKnownFileType = sourcecode.swift; path = ViewController.swift; sourceTree = "<group>"; };
		04748B252AF6830C00220BAE /* Base */ = {isa = PBXFileReference; lastKnownFileType = file.storyboard; name = Base; path = Base.lproj/Main.storyboard; sourceTree = "<group>"; };
		04748B272AF6830C00220BAE /* Assets.xcassets */ = {isa = PBXFileReference; lastKnownFileType = folder.assetcatalog; path = Assets.xcassets; sourceTree = "<group>"; };
		04748B2A2AF6830C00220BAE /* Base */ = {isa = PBXFileReference; lastKnownFileType = file.storyboard; name = Base; path = Base.lproj/LaunchScreen.storyboard; sourceTree = "<group>"; };
		04748B2C2AF6830C00220BAE /* Info.plist */ = {isa = PBXFileReference; lastKnownFileType = text.plist.xml; path = Info.plist; sourceTree = "<group>"; };
		04748B322AF68B9C00220BAE /* SignUpViewController.swift */ = {isa = PBXFileReference; lastKnownFileType = sourcecode.swift; path = SignUpViewController.swift; sourceTree = "<group>"; };
		04748B342AF68CD200220BAE /* ForgotPasswordViewController.swift */ = {isa = PBXFileReference; lastKnownFileType = sourcecode.swift; path = ForgotPasswordViewController.swift; sourceTree = "<group>"; };
		04A71BAF2AFB2B7F00A431E5 /* WorkoutViewer.swift */ = {isa = PBXFileReference; lastKnownFileType = sourcecode.swift; path = WorkoutViewer.swift; sourceTree = "<group>"; };
		04A71BB32AFB2CEF00A431E5 /* WorkoutViewerViewController.swift */ = {isa = PBXFileReference; lastKnownFileType = sourcecode.swift; path = WorkoutViewerViewController.swift; sourceTree = "<group>"; };
/* End PBXFileReference section */

/* Begin PBXFrameworksBuildPhase section */
		04748B182AF6830C00220BAE /* Frameworks */ = {
			isa = PBXFrameworksBuildPhase;
			buildActionMask = 2147483647;
			files = (
			);
			runOnlyForDeploymentPostprocessing = 0;
		};
/* End PBXFrameworksBuildPhase section */

/* Begin PBXGroup section */
		04748B122AF6830C00220BAE = {
			isa = PBXGroup;
			children = (
				04748B1D2AF6830C00220BAE /* WorkoutUniversity */,
				04748B1C2AF6830C00220BAE /* Products */,
			);
			sourceTree = "<group>";
		};
		04748B1C2AF6830C00220BAE /* Products */ = {
			isa = PBXGroup;
			children = (
				04748B1B2AF6830C00220BAE /* WorkoutUniversity.app */,
			);
			name = Products;
			sourceTree = "<group>";
		};
		04748B1D2AF6830C00220BAE /* WorkoutUniversity */ = {
			isa = PBXGroup;
			children = (
				04748B1E2AF6830C00220BAE /* AppDelegate.swift */,
				04748B202AF6830C00220BAE /* SceneDelegate.swift */,
				04748B222AF6830C00220BAE /* ViewController.swift */,
				04748B242AF6830C00220BAE /* Main.storyboard */,
				04A71BAF2AFB2B7F00A431E5 /* WorkoutViewer.swift */,
				04A71BB32AFB2CEF00A431E5 /* WorkoutViewerViewController.swift */,
				04748B342AF68CD200220BAE /* ForgotPasswordViewController.swift */,
				04748B322AF68B9C00220BAE /* SignUpViewController.swift */,
				04748B272AF6830C00220BAE /* Assets.xcassets */,
				04748B292AF6830C00220BAE /* LaunchScreen.storyboard */,
				04748B2C2AF6830C00220BAE /* Info.plist */,
			);
			path = WorkoutUniversity;
			sourceTree = "<group>";
		};
/* End PBXGroup section */

/* Begin PBXNativeTarget section */
		04748B1A2AF6830C00220BAE /* WorkoutUniversity */ = {
			isa = PBXNativeTarget;
			buildConfigurationList = 04748B2F2AF6830C00220BAE /* Build configuration list for PBXNativeTarget "WorkoutUniversity" */;
			buildPhases = (
				04748B172AF6830C00220BAE /* Sources */,
				04748B182AF6830C00220BAE /* Frameworks */,
				04748B192AF6830C00220BAE /* Resources */,
			);
			buildRules = (
			);
			dependencies = (
			);
			name = WorkoutUniversity;
			productName = WorkoutUniversity;
			productReference = 04748B1B2AF6830C00220BAE /* WorkoutUniversity.app */;
			productType = "com.apple.product-type.application";
		};
/* End PBXNativeTarget section */

/* Begin PBXProject section */
		04748B132AF6830C00220BAE /* Project object */ = {
			isa = PBXProject;
			attributes = {
				BuildIndependentTargetsInParallel = 1;
				LastSwiftUpdateCheck = 1430;
				LastUpgradeCheck = 1430;
				TargetAttributes = {
					04748B1A2AF6830C00220BAE = {
						CreatedOnToolsVersion = 14.3.1;
					};
				};
			};
			buildConfigurationList = 04748B162AF6830C00220BAE /* Build configuration list for PBXProject "WorkoutUniversity" */;
			compatibilityVersion = "Xcode 14.0";
			developmentRegion = en;
			hasScannedForEncodings = 0;
			knownRegions = (
				en,
				Base,
			);
			mainGroup = 04748B122AF6830C00220BAE;
			productRefGroup = 04748B1C2AF6830C00220BAE /* Products */;
			projectDirPath = "";
			projectRoot = "";
			targets = (
				04748B1A2AF6830C00220BAE /* WorkoutUniversity */,
			);
		};
/* End PBXProject section */

/* Begin PBXResourcesBuildPhase section */
		04748B192AF6830C00220BAE /* Resources */ = {
			isa = PBXResourcesBuildPhase;
			buildActionMask = 2147483647;
			files = (
				04748B2B2AF6830C00220BAE /* LaunchScreen.storyboard in Resources */,
				04748B282AF6830C00220BAE /* Assets.xcassets in Resources */,
				04748B262AF6830C00220BAE /* Main.storyboard in Resources */,
			);
			runOnlyForDeploymentPostprocessing = 0;
		};
/* End PBXResourcesBuildPhase section */

/* Begin PBXSourcesBuildPhase section */
		04748B172AF6830C00220BAE /* Sources */ = {
			isa = PBXSourcesBuildPhase;
			buildActionMask = 2147483647;
			files = (
				04748B232AF6830C00220BAE /* ViewController.swift in Sources */,
				04A71BB02AFB2B7F00A431E5 /* WorkoutViewer.swift in Sources */,
				04748B352AF68CD200220BAE /* ForgotPasswordViewController.swift in Sources */,
				04748B1F2AF6830C00220BAE /* AppDelegate.swift in Sources */,
				04748B332AF68B9C00220BAE /* SignUpViewController.swift in Sources */,
				04748B212AF6830C00220BAE /* SceneDelegate.swift in Sources */,
				04A71BB42AFB2CEF00A431E5 /* WorkoutViewerViewController.swift in Sources */,
			);
			runOnlyForDeploymentPostprocessing = 0;
		};
/* End PBXSourcesBuildPhase section */

/* Begin PBXVariantGroup section */
		04748B242AF6830C00220BAE /* Main.storyboard */ = {
			isa = PBXVariantGroup;
			children = (
				04748B252AF6830C00220BAE /* Base */,
			);
			name = Main.storyboard;
			sourceTree = "<group>";
		};
		04748B292AF6830C00220BAE /* LaunchScreen.storyboard */ = {
			isa = PBXVariantGroup;
			children = (
				04748B2A2AF6830C00220BAE /* Base */,
			);
			name = LaunchScreen.storyboard;
			sourceTree = "<group>";
		};
/* End PBXVariantGroup section */

/* Begin XCBuildConfiguration section */
		04748B2D2AF6830C00220BAE /* Debug */ = {
			isa = XCBuildConfiguration;
			buildSettings = {
				ALWAYS_SEARCH_USER_PATHS = NO;
				CLANG_ANALYZER_NONNULL = YES;
				CLANG_ANALYZER_NUMBER_OBJECT_CONVERSION = YES_AGGRESSIVE;
				CLANG_CXX_LANGUAGE_STANDARD = "gnu++20";
				CLANG_ENABLE_MODULES = YES;
				CLANG_ENABLE_OBJC_ARC = YES;
				CLANG_ENABLE_OBJC_WEAK = YES;
				CLANG_WARN_BLOCK_CAPTURE_AUTORELEASING = YES;
				CLANG_WARN_BOOL_CONVERSION = YES;
				CLANG_WARN_COMMA = YES;
				CLANG_WARN_CONSTANT_CONVERSION = YES;
				CLANG_WARN_DEPRECATED_OBJC_IMPLEMENTATIONS = YES;
				CLANG_WARN_DIRECT_OBJC_ISA_USAGE = YES_ERROR;
				CLANG_WARN_DOCUMENTATION_COMMENTS = YES;
				CLANG_WARN_EMPTY_BODY = YES;
				CLANG_WARN_ENUM_CONVERSION = YES;
				CLANG_WARN_INFINITE_RECURSION = YES;
				CLANG_WARN_INT_CONVERSION = YES;
				CLANG_WARN_NON_LITERAL_NULL_CONVERSION = YES;
				CLANG_WARN_OBJC_IMPLICIT_RETAIN_SELF = YES;
				CLANG_WARN_OBJC_LITERAL_CONVERSION = YES;
				CLANG_WARN_OBJC_ROOT_CLASS = YES_ERROR;
				CLANG_WARN_QUOTED_INCLUDE_IN_FRAMEWORK_HEADER = YES;
				CLANG_WARN_RANGE_LOOP_ANALYSIS = YES;
				CLANG_WARN_STRICT_PROTOTYPES = YES;
				CLANG_WARN_SUSPICIOUS_MOVE = YES;
				CLANG_WARN_UNGUARDED_AVAILABILITY = YES_AGGRESSIVE;
				CLANG_WARN_UNREACHABLE_CODE = YES;
				CLANG_WARN__DUPLICATE_METHOD_MATCH = YES;
				COPY_PHASE_STRIP = NO;
				DEBUG_INFORMATION_FORMAT = dwarf;
				ENABLE_STRICT_OBJC_MSGSEND = YES;
				ENABLE_TESTABILITY = YES;
				GCC_C_LANGUAGE_STANDARD = gnu11;
				GCC_DYNAMIC_NO_PIC = NO;
				GCC_NO_COMMON_BLOCKS = YES;
				GCC_OPTIMIZATION_LEVEL = 0;
				GCC_PREPROCESSOR_DEFINITIONS = (
					"DEBUG=1",
					"$(inherited)",
				);
				GCC_WARN_64_TO_32_BIT_CONVERSION = YES;
				GCC_WARN_ABOUT_RETURN_TYPE = YES_ERROR;
				GCC_WARN_UNDECLARED_SELECTOR = YES;
				GCC_WARN_UNINITIALIZED_AUTOS = YES_AGGRESSIVE;
				GCC_WARN_UNUSED_FUNCTION = YES;
				GCC_WARN_UNUSED_VARIABLE = YES;
				IPHONEOS_DEPLOYMENT_TARGET = 16.4;
				MTL_ENABLE_DEBUG_INFO = INCLUDE_SOURCE;
				MTL_FAST_MATH = YES;
				ONLY_ACTIVE_ARCH = YES;
				SDKROOT = iphoneos;
				SWIFT_ACTIVE_COMPILATION_CONDITIONS = DEBUG;
				SWIFT_OPTIMIZATION_LEVEL = "-Onone";
			};
			name = Debug;
		};
		04748B2E2AF6830C00220BAE /* Release */ = {
			isa = XCBuildConfiguration;
			buildSettings = {
				ALWAYS_SEARCH_USER_PATHS = NO;
				CLANG_ANALYZER_NONNULL = YES;
				CLANG_ANALYZER_NUMBER_OBJECT_CONVERSION = YES_AGGRESSIVE;
				CLANG_CXX_LANGUAGE_STANDARD = "gnu++20";
				CLANG_ENABLE_MODULES = YES;
				CLANG_ENABLE_OBJC_ARC = YES;
				CLANG_ENABLE_OBJC_WEAK = YES;
				CLANG_WARN_BLOCK_CAPTURE_AUTORELEASING = YES;
				CLANG_WARN_BOOL_CONVERSION = YES;
				CLANG_WARN_COMMA = YES;
				CLANG_WARN_CONSTANT_CONVERSION = YES;
				CLANG_WARN_DEPRECATED_OBJC_IMPLEMENTATIONS = YES;
				CLANG_WARN_DIRECT_OBJC_ISA_USAGE = YES_ERROR;
				CLANG_WARN_DOCUMENTATION_COMMENTS = YES;
				CLANG_WARN_EMPTY_BODY = YES;
				CLANG_WARN_ENUM_CONVERSION = YES;
				CLANG_WARN_INFINITE_RECURSION = YES;
				CLANG_WARN_INT_CONVERSION = YES;
				CLANG_WARN_NON_LITERAL_NULL_CONVERSION = YES;
				CLANG_WARN_OBJC_IMPLICIT_RETAIN_SELF = YES;
				CLANG_WARN_OBJC_LITERAL_CONVERSION = YES;
				CLANG_WARN_OBJC_ROOT_CLASS = YES_ERROR;
				CLANG_WARN_QUOTED_INCLUDE_IN_FRAMEWORK_HEADER = YES;
				CLANG_WARN_RANGE_LOOP_ANALYSIS = YES;
				CLANG_WARN_STRICT_PROTOTYPES = YES;
				CLANG_WARN_SUSPICIOUS_MOVE = YES;
				CLANG_WARN_UNGUARDED_AVAILABILITY = YES_AGGRESSIVE;
				CLANG_WARN_UNREACHABLE_CODE = YES;
				CLANG_WARN__DUPLICATE_METHOD_MATCH = YES;
				COPY_PHASE_STRIP = NO;
				DEBUG_INFORMATION_FORMAT = "dwarf-with-dsym";
				ENABLE_NS_ASSERTIONS = NO;
				ENABLE_STRICT_OBJC_MSGSEND = YES;
				GCC_C_LANGUAGE_STANDARD = gnu11;
				GCC_NO_COMMON_BLOCKS = YES;
				GCC_WARN_64_TO_32_BIT_CONVERSION = YES;
				GCC_WARN_ABOUT_RETURN_TYPE = YES_ERROR;
				GCC_WARN_UNDECLARED_SELECTOR = YES;
				GCC_WARN_UNINITIALIZED_AUTOS = YES_AGGRESSIVE;
				GCC_WARN_UNUSED_FUNCTION = YES;
				GCC_WARN_UNUSED_VARIABLE = YES;
				IPHONEOS_DEPLOYMENT_TARGET = 16.4;
				MTL_ENABLE_DEBUG_INFO = NO;
				MTL_FAST_MATH = YES;
				SDKROOT = iphoneos;
				SWIFT_COMPILATION_MODE = wholemodule;
				SWIFT_OPTIMIZATION_LEVEL = "-O";
				VALIDATE_PRODUCT = YES;
			};
			name = Release;
		};
		04748B302AF6830C00220BAE /* Debug */ = {
			isa = XCBuildConfiguration;
			buildSettings = {
				ASSETCATALOG_COMPILER_APPICON_NAME = AppIcon;
				ASSETCATALOG_COMPILER_GLOBAL_ACCENT_COLOR_NAME = AccentColor;
				CODE_SIGN_STYLE = Automatic;
				CURRENT_PROJECT_VERSION = 1;
				DEVELOPMENT_TEAM = Z5ZYA2L3BV;
				GENERATE_INFOPLIST_FILE = YES;
				INFOPLIST_FILE = WorkoutUniversity/Info.plist;
				INFOPLIST_KEY_UIApplicationSupportsIndirectInputEvents = YES;
				INFOPLIST_KEY_UILaunchStoryboardName = LaunchScreen;
				INFOPLIST_KEY_UIMainStoryboardFile = Main;
				INFOPLIST_KEY_UISupportedInterfaceOrientations_iPad = "UIInterfaceOrientationPortrait UIInterfaceOrientationPortraitUpsideDown UIInterfaceOrientationLandscapeLeft UIInterfaceOrientationLandscapeRight";
				INFOPLIST_KEY_UISupportedInterfaceOrientations_iPhone = "UIInterfaceOrientationPortrait UIInterfaceOrientationLandscapeLeft UIInterfaceOrientationLandscapeRight";
				LD_RUNPATH_SEARCH_PATHS = (
					"$(inherited)",
					"@executable_path/Frameworks",
				);
				MARKETING_VERSION = 1.0;
				PRODUCT_BUNDLE_IDENTIFIER = Desktop.WorkoutUniversity;
				PRODUCT_NAME = "$(TARGET_NAME)";
				SWIFT_EMIT_LOC_STRINGS = YES;
				SWIFT_VERSION = 5.0;
				TARGETED_DEVICE_FAMILY = "1,2";
			};
			name = Debug;
		};
		04748B312AF6830C00220BAE /* Release */ = {
			isa = XCBuildConfiguration;
			buildSettings = {
				ASSETCATALOG_COMPILER_APPICON_NAME = AppIcon;
				ASSETCATALOG_COMPILER_GLOBAL_ACCENT_COLOR_NAME = AccentColor;
				CODE_SIGN_STYLE = Automatic;
				CURRENT_PROJECT_VERSION = 1;
				DEVELOPMENT_TEAM = Z5ZYA2L3BV;
				GENERATE_INFOPLIST_FILE = YES;
				INFOPLIST_FILE = WorkoutUniversity/Info.plist;
				INFOPLIST_KEY_UIApplicationSupportsIndirectInputEvents = YES;
				INFOPLIST_KEY_UILaunchStoryboardName = LaunchScreen;
				INFOPLIST_KEY_UIMainStoryboardFile = Main;
				INFOPLIST_KEY_UISupportedInterfaceOrientations_iPad = "UIInterfaceOrientationPortrait UIInterfaceOrientationPortraitUpsideDown UIInterfaceOrientationLandscapeLeft UIInterfaceOrientationLandscapeRight";
				INFOPLIST_KEY_UISupportedInterfaceOrientations_iPhone = "UIInterfaceOrientationPortrait UIInterfaceOrientationLandscapeLeft UIInterfaceOrientationLandscapeRight";
				LD_RUNPATH_SEARCH_PATHS = (
					"$(inherited)",
					"@executable_path/Frameworks",
				);
				MARKETING_VERSION = 1.0;
				PRODUCT_BUNDLE_IDENTIFIER = Desktop.WorkoutUniversity;
				PRODUCT_NAME = "$(TARGET_NAME)";
				SWIFT_EMIT_LOC_STRINGS = YES;
				SWIFT_VERSION = 5.0;
				TARGETED_DEVICE_FAMILY = "1,2";
			};
			name = Release;
		};
/* End XCBuildConfiguration section */

/* Begin XCConfigurationList section */
		04748B162AF6830C00220BAE /* Build configuration list for PBXProject "WorkoutUniversity" */ = {
			isa = XCConfigurationList;
			buildConfigurations = (
				04748B2D2AF6830C00220BAE /* Debug */,
				04748B2E2AF6830C00220BAE /* Release */,
			);
			defaultConfigurationIsVisible = 0;
			defaultConfigurationName = Release;
		};
		04748B2F2AF6830C00220BAE /* Build configuration list for PBXNativeTarget "WorkoutUniversity" */ = {
			isa = XCConfigurationList;
			buildConfigurations = (
				04748B302AF6830C00220BAE /* Debug */,
				04748B312AF6830C00220BAE /* Release */,
			);
			defaultConfigurationIsVisible = 0;
			defaultConfigurationName = Release;
		};
/* End XCConfigurationList section */
	};
	rootObject = 04748B132AF6830C00220BAE /* Project object */;
}
